// !$*UTF8*$!
{
	archiveVersion = 1;
	classes = {
	};
	objectVersion = 46;
	objects = {

/* Begin PBXBuildFile section */
		3327F8041EABB42900033AE9 /* AppDelegate.swift in Sources */ = {isa = PBXBuildFile; fileRef = 3327F8031EABB42900033AE9 /* AppDelegate.swift */; };
		3327F8061EABB42900033AE9 /* ViewController.swift in Sources */ = {isa = PBXBuildFile; fileRef = 3327F8051EABB42900033AE9 /* ViewController.swift */; };
		3327F8091EABB42900033AE9 /* Main.storyboard in Resources */ = {isa = PBXBuildFile; fileRef = 3327F8071EABB42900033AE9 /* Main.storyboard */; };
		3327F80B1EABB42900033AE9 /* Assets.xcassets in Resources */ = {isa = PBXBuildFile; fileRef = 3327F80A1EABB42900033AE9 /* Assets.xcassets */; };
		3327F80E1EABB42900033AE9 /* LaunchScreen.storyboard in Resources */ = {isa = PBXBuildFile; fileRef = 3327F80C1EABB42900033AE9 /* LaunchScreen.storyboard */; };
		3327F81C1EABB4AB00033AE9 /* IntentHandler.swift in Sources */ = {isa = PBXBuildFile; fileRef = 3327F81B1EABB4AB00033AE9 /* IntentHandler.swift */; };
		3327F8251EABB4AC00033AE9 /* IntentsUI.framework in Frameworks */ = {isa = PBXBuildFile; fileRef = 3327F8241EABB4AC00033AE9 /* IntentsUI.framework */; };
		3327F8281EABB4AC00033AE9 /* IntentViewController.swift in Sources */ = {isa = PBXBuildFile; fileRef = 3327F8271EABB4AC00033AE9 /* IntentViewController.swift */; };
		3327F82B1EABB4AC00033AE9 /* MainInterface.storyboard in Resources */ = {isa = PBXBuildFile; fileRef = 3327F8291EABB4AC00033AE9 /* MainInterface.storyboard */; };
		3327F82F1EABB4AC00033AE9 /* SiriIntentsExtensionUI.appex in Embed App Extensions */ = {isa = PBXBuildFile; fileRef = 3327F8221EABB4AB00033AE9 /* SiriIntentsExtensionUI.appex */; settings = {ATTRIBUTES = (RemoveHeadersOnCopy, ); }; };
		3327F8321EABB4AC00033AE9 /* SiriIntentsExtension.appex in Embed App Extensions */ = {isa = PBXBuildFile; fileRef = 3327F8191EABB4AB00033AE9 /* SiriIntentsExtension.appex */; settings = {ATTRIBUTES = (RemoveHeadersOnCopy, ); }; };
/* End PBXBuildFile section */

/* Begin PBXContainerItemProxy section */
		3327F82D1EABB4AC00033AE9 /* PBXContainerItemProxy */ = {
			isa = PBXContainerItemProxy;
			containerPortal = 3327F7F81EABB42900033AE9 /* Project object */;
			proxyType = 1;
			remoteGlobalIDString = 3327F8211EABB4AB00033AE9;
			remoteInfo = SiriIntentsExtensionUI;
		};
		3327F8301EABB4AC00033AE9 /* PBXContainerItemProxy */ = {
			isa = PBXContainerItemProxy;
			containerPortal = 3327F7F81EABB42900033AE9 /* Project object */;
			proxyType = 1;
			remoteGlobalIDString = 3327F8181EABB4AB00033AE9;
			remoteInfo = SiriIntentsExtension;
		};
/* End PBXContainerItemProxy section */

/* Begin PBXCopyFilesBuildPhase section */
		3327F8391EABB4AC00033AE9 /* Embed App Extensions */ = {
			isa = PBXCopyFilesBuildPhase;
			buildActionMask = 2147483647;
			dstPath = "";
			dstSubfolderSpec = 13;
			files = (
				3327F82F1EABB4AC00033AE9 /* SiriIntentsExtensionUI.appex in Embed App Extensions */,
				3327F8321EABB4AC00033AE9 /* SiriIntentsExtension.appex in Embed App Extensions */,
			);
			name = "Embed App Extensions";
			runOnlyForDeploymentPostprocessing = 0;
		};
/* End PBXCopyFilesBuildPhase section */

/* Begin PBXFileReference section */
		3327F8001EABB42900033AE9 /* MyGreatApp.app */ = {isa = PBXFileReference; explicitFileType = wrapper.application; includeInIndex = 0; path = MyGreatApp.app; sourceTree = BUILT_PRODUCTS_DIR; };
		3327F8031EABB42900033AE9 /* AppDelegate.swift */ = {isa = PBXFileReference; lastKnownFileType = sourcecode.swift; path = AppDelegate.swift; sourceTree = "<group>"; };
		3327F8051EABB42900033AE9 /* ViewController.swift */ = {isa = PBXFileReference; lastKnownFileType = sourcecode.swift; path = ViewController.swift; sourceTree = "<group>"; };
		3327F8081EABB42900033AE9 /* Base */ = {isa = PBXFileReference; lastKnownFileType = file.storyboard; name = Base; path = Base.lproj/Main.storyboard; sourceTree = "<group>"; };
		3327F80A1EABB42900033AE9 /* Assets.xcassets */ = {isa = PBXFileReference; lastKnownFileType = folder.assetcatalog; path = Assets.xcassets; sourceTree = "<group>"; };
		3327F80D1EABB42900033AE9 /* Base */ = {isa = PBXFileReference; lastKnownFileType = file.storyboard; name = Base; path = Base.lproj/LaunchScreen.storyboard; sourceTree = "<group>"; };
		3327F80F1EABB42900033AE9 /* Info.plist */ = {isa = PBXFileReference; lastKnownFileType = text.plist.xml; path = Info.plist; sourceTree = "<group>"; };
		3327F8191EABB4AB00033AE9 /* SiriIntentsExtension.appex */ = {isa = PBXFileReference; explicitFileType = "wrapper.app-extension"; includeInIndex = 0; path = SiriIntentsExtension.appex; sourceTree = BUILT_PRODUCTS_DIR; };
		3327F81B1EABB4AB00033AE9 /* IntentHandler.swift */ = {isa = PBXFileReference; lastKnownFileType = sourcecode.swift; path = IntentHandler.swift; sourceTree = "<group>"; };
		3327F81D1EABB4AB00033AE9 /* Info.plist */ = {isa = PBXFileReference; lastKnownFileType = text.plist.xml; path = Info.plist; sourceTree = "<group>"; };
		3327F8221EABB4AB00033AE9 /* SiriIntentsExtensionUI.appex */ = {isa = PBXFileReference; explicitFileType = "wrapper.app-extension"; includeInIndex = 0; path = SiriIntentsExtensionUI.appex; sourceTree = BUILT_PRODUCTS_DIR; };
		3327F8241EABB4AC00033AE9 /* IntentsUI.framework */ = {isa = PBXFileReference; lastKnownFileType = wrapper.framework; name = IntentsUI.framework; path = System/Library/Frameworks/IntentsUI.framework; sourceTree = SDKROOT; };
		3327F8271EABB4AC00033AE9 /* IntentViewController.swift */ = {isa = PBXFileReference; lastKnownFileType = sourcecode.swift; path = IntentViewController.swift; sourceTree = "<group>"; };
		3327F82A1EABB4AC00033AE9 /* Base */ = {isa = PBXFileReference; lastKnownFileType = file.storyboard; name = Base; path = Base.lproj/MainInterface.storyboard; sourceTree = "<group>"; };
		3327F82C1EABB4AC00033AE9 /* Info.plist */ = {isa = PBXFileReference; lastKnownFileType = text.plist.xml; path = Info.plist; sourceTree = "<group>"; };
/* End PBXFileReference section */

/* Begin PBXFrameworksBuildPhase section */
		3327F7FD1EABB42900033AE9 /* Frameworks */ = {
			isa = PBXFrameworksBuildPhase;
			buildActionMask = 2147483647;
			files = (
			);
			runOnlyForDeploymentPostprocessing = 0;
		};
		3327F8161EABB4AB00033AE9 /* Frameworks */ = {
			isa = PBXFrameworksBuildPhase;
			buildActionMask = 2147483647;
			files = (
			);
			runOnlyForDeploymentPostprocessing = 0;
		};
		3327F81F1EABB4AB00033AE9 /* Frameworks */ = {
			isa = PBXFrameworksBuildPhase;
			buildActionMask = 2147483647;
			files = (
				3327F8251EABB4AC00033AE9 /* IntentsUI.framework in Frameworks */,
			);
			runOnlyForDeploymentPostprocessing = 0;
		};
/* End PBXFrameworksBuildPhase section */

/* Begin PBXGroup section */
		3327F7F71EABB42900033AE9 = {
			isa = PBXGroup;
			children = (
				3327F8021EABB42900033AE9 /* MyGreatApp */,
				3327F81A1EABB4AB00033AE9 /* SiriIntentsExtension */,
				3327F8261EABB4AC00033AE9 /* SiriIntentsExtensionUI */,
				3327F8231EABB4AC00033AE9 /* Frameworks */,
				3327F8011EABB42900033AE9 /* Products */,
			);
			sourceTree = "<group>";
		};
		3327F8011EABB42900033AE9 /* Products */ = {
			isa = PBXGroup;
			children = (
				3327F8001EABB42900033AE9 /* MyGreatApp.app */,
				3327F8191EABB4AB00033AE9 /* SiriIntentsExtension.appex */,
				3327F8221EABB4AB00033AE9 /* SiriIntentsExtensionUI.appex */,
			);
			name = Products;
			sourceTree = "<group>";
		};
		3327F8021EABB42900033AE9 /* MyGreatApp */ = {
			isa = PBXGroup;
			children = (
				3327F8031EABB42900033AE9 /* AppDelegate.swift */,
				3327F8051EABB42900033AE9 /* ViewController.swift */,
				3327F8071EABB42900033AE9 /* Main.storyboard */,
				3327F80A1EABB42900033AE9 /* Assets.xcassets */,
				3327F80C1EABB42900033AE9 /* LaunchScreen.storyboard */,
				3327F80F1EABB42900033AE9 /* Info.plist */,
			);
			path = MyGreatApp;
			sourceTree = "<group>";
		};
		3327F81A1EABB4AB00033AE9 /* SiriIntentsExtension */ = {
			isa = PBXGroup;
			children = (
				3327F81B1EABB4AB00033AE9 /* IntentHandler.swift */,
				3327F81D1EABB4AB00033AE9 /* Info.plist */,
			);
			path = SiriIntentsExtension;
			sourceTree = "<group>";
		};
		3327F8231EABB4AC00033AE9 /* Frameworks */ = {
			isa = PBXGroup;
			children = (
				3327F8241EABB4AC00033AE9 /* IntentsUI.framework */,
			);
			name = Frameworks;
			sourceTree = "<group>";
		};
		3327F8261EABB4AC00033AE9 /* SiriIntentsExtensionUI */ = {
			isa = PBXGroup;
			children = (
				3327F8271EABB4AC00033AE9 /* IntentViewController.swift */,
				3327F8291EABB4AC00033AE9 /* MainInterface.storyboard */,
				3327F82C1EABB4AC00033AE9 /* Info.plist */,
			);
			path = SiriIntentsExtensionUI;
			sourceTree = "<group>";
		};
/* End PBXGroup section */

/* Begin PBXNativeTarget section */
		3327F7FF1EABB42900033AE9 /* MyGreatApp */ = {
			isa = PBXNativeTarget;
			buildConfigurationList = 3327F8121EABB42900033AE9 /* Build configuration list for PBXNativeTarget "MyGreatApp" */;
			buildPhases = (
				3327F7FC1EABB42900033AE9 /* Sources */,
				3327F7FD1EABB42900033AE9 /* Frameworks */,
				3327F7FE1EABB42900033AE9 /* Resources */,
				3327F8391EABB4AC00033AE9 /* Embed App Extensions */,
			);
			buildRules = (
			);
			dependencies = (
				3327F82E1EABB4AC00033AE9 /* PBXTargetDependency */,
				3327F8311EABB4AC00033AE9 /* PBXTargetDependency */,
			);
			name = MyGreatApp;
			productName = MyGreatApp;
			productReference = 3327F8001EABB42900033AE9 /* MyGreatApp.app */;
			productType = "com.apple.product-type.application";
		};
		3327F8181EABB4AB00033AE9 /* SiriIntentsExtension */ = {
			isa = PBXNativeTarget;
			buildConfigurationList = 3327F8361EABB4AC00033AE9 /* Build configuration list for PBXNativeTarget "SiriIntentsExtension" */;
			buildPhases = (
				3327F8151EABB4AB00033AE9 /* Sources */,
				3327F8161EABB4AB00033AE9 /* Frameworks */,
				3327F8171EABB4AB00033AE9 /* Resources */,
			);
			buildRules = (
			);
			dependencies = (
			);
			name = SiriIntentsExtension;
			productName = SiriIntentsExtension;
			productReference = 3327F8191EABB4AB00033AE9 /* SiriIntentsExtension.appex */;
			productType = "com.apple.product-type.app-extension";
		};
		3327F8211EABB4AB00033AE9 /* SiriIntentsExtensionUI */ = {
			isa = PBXNativeTarget;
			buildConfigurationList = 3327F8331EABB4AC00033AE9 /* Build configuration list for PBXNativeTarget "SiriIntentsExtensionUI" */;
			buildPhases = (
				3327F81E1EABB4AB00033AE9 /* Sources */,
				3327F81F1EABB4AB00033AE9 /* Frameworks */,
				3327F8201EABB4AB00033AE9 /* Resources */,
			);
			buildRules = (
			);
			dependencies = (
			);
			name = SiriIntentsExtensionUI;
			productName = SiriIntentsExtensionUI;
			productReference = 3327F8221EABB4AB00033AE9 /* SiriIntentsExtensionUI.appex */;
			productType = "com.apple.product-type.app-extension";
		};
/* End PBXNativeTarget section */

/* Begin PBXProject section */
		3327F7F81EABB42900033AE9 /* Project object */ = {
			isa = PBXProject;
			attributes = {
				LastSwiftUpdateCheck = 0820;
				LastUpgradeCheck = 0820;
				ORGANIZATIONNAME = "Big Nerd Ranch";
				TargetAttributes = {
					3327F7FF1EABB42900033AE9 = {
						CreatedOnToolsVersion = 8.2.1;
						DevelopmentTeam = Y8ZEK6U73F;
						ProvisioningStyle = Automatic;
					};
					3327F8181EABB4AB00033AE9 = {
						CreatedOnToolsVersion = 8.2.1;
						DevelopmentTeam = Y8ZEK6U73F;
						ProvisioningStyle = Automatic;
					};
					3327F8211EABB4AB00033AE9 = {
						CreatedOnToolsVersion = 8.2.1;
						DevelopmentTeam = Y8ZEK6U73F;
						ProvisioningStyle = Automatic;
					};
				};
			};
			buildConfigurationList = 3327F7FB1EABB42900033AE9 /* Build configuration list for PBXProject "MyGreatApp" */;
			compatibilityVersion = "Xcode 3.2";
			developmentRegion = English;
			hasScannedForEncodings = 0;
			knownRegions = (
				en,
				Base,
			);
			mainGroup = 3327F7F71EABB42900033AE9;
			productRefGroup = 3327F8011EABB42900033AE9 /* Products */;
			projectDirPath = "";
			projectRoot = "";
			targets = (
				3327F7FF1EABB42900033AE9 /* MyGreatApp */,
				3327F8181EABB4AB00033AE9 /* SiriIntentsExtension */,
				3327F8211EABB4AB00033AE9 /* SiriIntentsExtensionUI */,
			);
		};
/* End PBXProject section */

/* Begin PBXResourcesBuildPhase section */
		3327F7FE1EABB42900033AE9 /* Resources */ = {
			isa = PBXResourcesBuildPhase;
			buildActionMask = 2147483647;
			files = (
				3327F80E1EABB42900033AE9 /* LaunchScreen.storyboard in Resources */,
				3327F80B1EABB42900033AE9 /* Assets.xcassets in Resources */,
				3327F8091EABB42900033AE9 /* Main.storyboard in Resources */,
			);
			runOnlyForDeploymentPostprocessing = 0;
		};
		3327F8171EABB4AB00033AE9 /* Resources */ = {
			isa = PBXResourcesBuildPhase;
			buildActionMask = 2147483647;
			files = (
			);
			runOnlyForDeploymentPostprocessing = 0;
		};
		3327F8201EABB4AB00033AE9 /* Resources */ = {
			isa = PBXResourcesBuildPhase;
			buildActionMask = 2147483647;
			files = (
				3327F82B1EABB4AC00033AE9 /* MainInterface.storyboard in Resources */,
			);
			runOnlyForDeploymentPostprocessing = 0;
		};
/* End PBXResourcesBuildPhase section */

/* Begin PBXSourcesBuildPhase section */
		3327F7FC1EABB42900033AE9 /* Sources */ = {
			isa = PBXSourcesBuildPhase;
			buildActionMask = 2147483647;
			files = (
				3327F8061EABB42900033AE9 /* ViewController.swift in Sources */,
				3327F8041EABB42900033AE9 /* AppDelegate.swift in Sources */,
			);
			runOnlyForDeploymentPostprocessing = 0;
		};
		3327F8151EABB4AB00033AE9 /* Sources */ = {
			isa = PBXSourcesBuildPhase;
			buildActionMask = 2147483647;
			files = (
				3327F81C1EABB4AB00033AE9 /* IntentHandler.swift in Sources */,
			);
			runOnlyForDeploymentPostprocessing = 0;
		};
		3327F81E1EABB4AB00033AE9 /* Sources */ = {
			isa = PBXSourcesBuildPhase;
			buildActionMask = 2147483647;
			files = (
				3327F8281EABB4AC00033AE9 /* IntentViewController.swift in Sources */,
			);
			runOnlyForDeploymentPostprocessing = 0;
		};
/* End PBXSourcesBuildPhase section */

/* Begin PBXTargetDependency section */
		3327F82E1EABB4AC00033AE9 /* PBXTargetDependency */ = {
			isa = PBXTargetDependency;
			target = 3327F8211EABB4AB00033AE9 /* SiriIntentsExtensionUI */;
			targetProxy = 3327F82D1EABB4AC00033AE9 /* PBXContainerItemProxy */;
		};
		3327F8311EABB4AC00033AE9 /* PBXTargetDependency */ = {
			isa = PBXTargetDependency;
			target = 3327F8181EABB4AB00033AE9 /* SiriIntentsExtension */;
			targetProxy = 3327F8301EABB4AC00033AE9 /* PBXContainerItemProxy */;
		};
/* End PBXTargetDependency section */

/* Begin PBXVariantGroup section */
		3327F8071EABB42900033AE9 /* Main.storyboard */ = {
			isa = PBXVariantGroup;
			children = (
				3327F8081EABB42900033AE9 /* Base */,
			);
			name = Main.storyboard;
			sourceTree = "<group>";
		};
		3327F80C1EABB42900033AE9 /* LaunchScreen.storyboard */ = {
			isa = PBXVariantGroup;
			children = (
				3327F80D1EABB42900033AE9 /* Base */,
			);
			name = LaunchScreen.storyboard;
			sourceTree = "<group>";
		};
		3327F8291EABB4AC00033AE9 /* MainInterface.storyboard */ = {
			isa = PBXVariantGroup;
			children = (
				3327F82A1EABB4AC00033AE9 /* Base */,
			);
			name = MainInterface.storyboard;
			sourceTree = "<group>";
		};
/* End PBXVariantGroup section */

/* Begin XCBuildConfiguration section */
		3327F8101EABB42900033AE9 /* Debug */ = {
			isa = XCBuildConfiguration;
			buildSettings = {
				ALWAYS_SEARCH_USER_PATHS = NO;
				CLANG_ANALYZER_NONNULL = YES;
				CLANG_CXX_LANGUAGE_STANDARD = "gnu++0x";
				CLANG_CXX_LIBRARY = "libc++";
				CLANG_ENABLE_MODULES = YES;
				CLANG_ENABLE_OBJC_ARC = YES;
				CLANG_WARN_BOOL_CONVERSION = YES;
				CLANG_WARN_CONSTANT_CONVERSION = YES;
				CLANG_WARN_DIRECT_OBJC_ISA_USAGE = YES_ERROR;
				CLANG_WARN_DOCUMENTATION_COMMENTS = YES;
				CLANG_WARN_EMPTY_BODY = YES;
				CLANG_WARN_ENUM_CONVERSION = YES;
				CLANG_WARN_INFINITE_RECURSION = YES;
				CLANG_WARN_INT_CONVERSION = YES;
				CLANG_WARN_OBJC_ROOT_CLASS = YES_ERROR;
				CLANG_WARN_SUSPICIOUS_MOVE = YES;
				CLANG_WARN_UNREACHABLE_CODE = YES;
				CLANG_WARN__DUPLICATE_METHOD_MATCH = YES;
				"CODE_SIGN_IDENTITY[sdk=iphoneos*]" = "iPhone Developer";
				COPY_PHASE_STRIP = NO;
				DEBUG_INFORMATION_FORMAT = dwarf;
				ENABLE_STRICT_OBJC_MSGSEND = YES;
				ENABLE_TESTABILITY = YES;
				GCC_C_LANGUAGE_STANDARD = gnu99;
				GCC_DYNAMIC_NO_PIC = NO;
				GCC_NO_COMMON_BLOCKS = YES;
				GCC_OPTIMIZATION_LEVEL = 0;
				GCC_PREPROCESSOR_DEFINITIONS = (
					"DEBUG=1",
					"$(inherited)",
				);
				GCC_WARN_64_TO_32_BIT_CONVERSION = YES;
				GCC_WARN_ABOUT_RETURN_TYPE = YES_ERROR;
				GCC_WARN_UNDECLARED_SELECTOR = YES;
				GCC_WARN_UNINITIALIZED_AUTOS = YES_AGGRESSIVE;
				GCC_WARN_UNUSED_FUNCTION = YES;
				GCC_WARN_UNUSED_VARIABLE = YES;
				IPHONEOS_DEPLOYMENT_TARGET = 10.2;
				MTL_ENABLE_DEBUG_INFO = YES;
				ONLY_ACTIVE_ARCH = YES;
				SDKROOT = iphoneos;
				SWIFT_ACTIVE_COMPILATION_CONDITIONS = DEBUG;
				SWIFT_OPTIMIZATION_LEVEL = "-Onone";
			};
			name = Debug;
		};
		3327F8111EABB42900033AE9 /* Release */ = {
			isa = XCBuildConfiguration;
			buildSettings = {
				ALWAYS_SEARCH_USER_PATHS = NO;
				CLANG_ANALYZER_NONNULL = YES;
				CLANG_CXX_LANGUAGE_STANDARD = "gnu++0x";
				CLANG_CXX_LIBRARY = "libc++";
				CLANG_ENABLE_MODULES = YES;
				CLANG_ENABLE_OBJC_ARC = YES;
				CLANG_WARN_BOOL_CONVERSION = YES;
				CLANG_WARN_CONSTANT_CONVERSION = YES;
				CLANG_WARN_DIRECT_OBJC_ISA_USAGE = YES_ERROR;
				CLANG_WARN_DOCUMENTATION_COMMENTS = YES;
				CLANG_WARN_EMPTY_BODY = YES;
				CLANG_WARN_ENUM_CONVERSION = YES;
				CLANG_WARN_INFINITE_RECURSION = YES;
				CLANG_WARN_INT_CONVERSION = YES;
				CLANG_WARN_OBJC_ROOT_CLASS = YES_ERROR;
				CLANG_WARN_SUSPICIOUS_MOVE = YES;
				CLANG_WARN_UNREACHABLE_CODE = YES;
				CLANG_WARN__DUPLICATE_METHOD_MATCH = YES;
				"CODE_SIGN_IDENTITY[sdk=iphoneos*]" = "iPhone Developer";
				COPY_PHASE_STRIP = NO;
				DEBUG_INFORMATION_FORMAT = "dwarf-with-dsym";
				ENABLE_NS_ASSERTIONS = NO;
				ENABLE_STRICT_OBJC_MSGSEND = YES;
				GCC_C_LANGUAGE_STANDARD = gnu99;
				GCC_NO_COMMON_BLOCKS = YES;
				GCC_WARN_64_TO_32_BIT_CONVERSION = YES;
				GCC_WARN_ABOUT_RETURN_TYPE = YES_ERROR;
				GCC_WARN_UNDECLARED_SELECTOR = YES;
				GCC_WARN_UNINITIALIZED_AUTOS = YES_AGGRESSIVE;
				GCC_WARN_UNUSED_FUNCTION = YES;
				GCC_WARN_UNUSED_VARIABLE = YES;
				IPHONEOS_DEPLOYMENT_TARGET = 10.2;
				MTL_ENABLE_DEBUG_INFO = NO;
				SDKROOT = iphoneos;
				SWIFT_OPTIMIZATION_LEVEL = "-Owholemodule";
				VALIDATE_PRODUCT = YES;
			};
			name = Release;
		};
		3327F8131EABB42900033AE9 /* Debug */ = {
			isa = XCBuildConfiguration;
			buildSettings = {
				ALWAYS_EMBED_SWIFT_STANDARD_LIBRARIES = YES;
				ASSETCATALOG_COMPILER_APPICON_NAME = AppIcon;
				DEVELOPMENT_TEAM = Y8ZEK6U73F;
				INFOPLIST_FILE = MyGreatApp/Info.plist;
				LD_RUNPATH_SEARCH_PATHS = "$(inherited) @executable_path/Frameworks";
				PRODUCT_BUNDLE_IDENTIFIER = com.bignerdranch.MyGreatApp;
				PRODUCT_NAME = "$(TARGET_NAME)";
				SWIFT_VERSION = 3.0;
			};
			name = Debug;
		};
		3327F8141EABB42900033AE9 /* Release */ = {
			isa = XCBuildConfiguration;
			buildSettings = {
				ALWAYS_EMBED_SWIFT_STANDARD_LIBRARIES = YES;
				ASSETCATALOG_COMPILER_APPICON_NAME = AppIcon;
				DEVELOPMENT_TEAM = Y8ZEK6U73F;
				INFOPLIST_FILE = MyGreatApp/Info.plist;
				LD_RUNPATH_SEARCH_PATHS = "$(inherited) @executable_path/Frameworks";
				PRODUCT_BUNDLE_IDENTIFIER = com.bignerdranch.MyGreatApp;
				PRODUCT_NAME = "$(TARGET_NAME)";
				SWIFT_VERSION = 3.0;
			};
			name = Release;
		};
		3327F8341EABB4AC00033AE9 /* Debug */ = {
			isa = XCBuildConfiguration;
			buildSettings = {
				DEVELOPMENT_TEAM = Y8ZEK6U73F;
				INFOPLIST_FILE = SiriIntentsExtensionUI/Info.plist;
				LD_RUNPATH_SEARCH_PATHS = "$(inherited) @executable_path/Frameworks @executable_path/../../Frameworks";
				PRODUCT_BUNDLE_IDENTIFIER = com.bignerdranch.MyGreatApp.SiriIntentsExtensionUI;
				PRODUCT_NAME = "$(TARGET_NAME)";
				SKIP_INSTALL = YES;
				SWIFT_VERSION = 3.0;
			};
			name = Debug;
		};
		3327F8351EABB4AC00033AE9 /* Release */ = {
			isa = XCBuildConfiguration;
			buildSettings = {
				DEVELOPMENT_TEAM = Y8ZEK6U73F;
				INFOPLIST_FILE = SiriIntentsExtensionUI/Info.plist;
				LD_RUNPATH_SEARCH_PATHS = "$(inherited) @executable_path/Frameworks @executable_path/../../Frameworks";
				PRODUCT_BUNDLE_IDENTIFIER = com.bignerdranch.MyGreatApp.SiriIntentsExtensionUI;
				PRODUCT_NAME = "$(TARGET_NAME)";
				SKIP_INSTALL = YES;
				SWIFT_VERSION = 3.0;
			};
			name = Release;
		};
		3327F8371EABB4AC00033AE9 /* Debug */ = {
			isa = XCBuildConfiguration;
			buildSettings = {
				DEVELOPMENT_TEAM = Y8ZEK6U73F;
				INFOPLIST_FILE = SiriIntentsExtension/Info.plist;
				LD_RUNPATH_SEARCH_PATHS = "$(inherited) @executable_path/Frameworks @executable_path/../../Frameworks";
				PRODUCT_BUNDLE_IDENTIFIER = com.bignerdranch.MyGreatApp.SiriIntentsExtension;
				PRODUCT_NAME = "$(TARGET_NAME)";
				SKIP_INSTALL = YES;
				SWIFT_VERSION = 3.0;
			};
			name = Debug;
		};
		3327F8381EABB4AC00033AE9 /* Release */ = {
			isa = XCBuildConfiguration;
			buildSettings = {
				DEVELOPMENT_TEAM = Y8ZEK6U73F;
				INFOPLIST_FILE = SiriIntentsExtension/Info.plist;
				LD_RUNPATH_SEARCH_PATHS = "$(inherited) @executable_path/Frameworks @executable_path/../../Frameworks";
				PRODUCT_BUNDLE_IDENTIFIER = com.bignerdranch.MyGreatApp.SiriIntentsExtension;
				PRODUCT_NAME = "$(TARGET_NAME)";
				SKIP_INSTALL = YES;
				SWIFT_VERSION = 3.0;
			};
			name = Release;
		};
/* End XCBuildConfiguration section */

/* Begin XCConfigurationList section */
		3327F7FB1EABB42900033AE9 /* Build configuration list for PBXProject "MyGreatApp" */ = {
			isa = XCConfigurationList;
			buildConfigurations = (
				3327F8101EABB42900033AE9 /* Debug */,
				3327F8111EABB42900033AE9 /* Release */,
			);
			defaultConfigurationIsVisible = 0;
			defaultConfigurationName = Release;
		};
		3327F8121EABB42900033AE9 /* Build configuration list for PBXNativeTarget "MyGreatApp" */ = {
			isa = XCConfigurationList;
			buildConfigurations = (
				3327F8131EABB42900033AE9 /* Debug */,
				3327F8141EABB42900033AE9 /* Release */,
			);
			defaultConfigurationIsVisible = 0;
		};
		3327F8331EABB4AC00033AE9 /* Build configuration list for PBXNativeTarget "SiriIntentsExtensionUI" */ = {
			isa = XCConfigurationList;
			buildConfigurations = (
				3327F8341EABB4AC00033AE9 /* Debug */,
				3327F8351EABB4AC00033AE9 /* Release */,
			);
			defaultConfigurationIsVisible = 0;
		};
		3327F8361EABB4AC00033AE9 /* Build configuration list for PBXNativeTarget "SiriIntentsExtension" */ = {
			isa = XCConfigurationList;
			buildConfigurations = (
				3327F8371EABB4AC00033AE9 /* Debug */,
				3327F8381EABB4AC00033AE9 /* Release */,
			);
			defaultConfigurationIsVisible = 0;
		};
/* End XCConfigurationList section */
	};
	rootObject = 3327F7F81EABB42900033AE9 /* Project object */;
}
