// !$*UTF8*$!
{
	archiveVersion = 1;
	classes = {
	};
	objectVersion = 46;
	objects = {

/* Begin PBXBuildFile section */
		331ABEBC1EABDFB400011DB9 /* AppDelegate.swift in Sources */ = {isa = PBXBuildFile; fileRef = 331ABEBB1EABDFB400011DB9 /* AppDelegate.swift */; };
		331ABEBE1EABDFB400011DB9 /* ViewController.swift in Sources */ = {isa = PBXBuildFile; fileRef = 331ABEBD1EABDFB400011DB9 /* ViewController.swift */; };
		331ABEC11EABDFB400011DB9 /* Main.storyboard in Resources */ = {isa = PBXBuildFile; fileRef = 331ABEBF1EABDFB400011DB9 /* Main.storyboard */; };
		331ABEC31EABDFB400011DB9 /* Assets.xcassets in Resources */ = {isa = PBXBuildFile; fileRef = 331ABEC21EABDFB400011DB9 /* Assets.xcassets */; };
		331ABEC61EABDFB400011DB9 /* LaunchScreen.storyboard in Resources */ = {isa = PBXBuildFile; fileRef = 331ABEC41EABDFB400011DB9 /* LaunchScreen.storyboard */; };
/* End PBXBuildFile section */

/* Begin PBXFileReference section */
		331ABEB81EABDFB400011DB9 /* LiveSpeechRecognition.app */ = {isa = PBXFileReference; explicitFileType = wrapper.application; includeInIndex = 0; path = LiveSpeechRecognition.app; sourceTree = BUILT_PRODUCTS_DIR; };
		331ABEBB1EABDFB400011DB9 /* AppDelegate.swift */ = {isa = PBXFileReference; lastKnownFileType = sourcecode.swift; path = AppDelegate.swift; sourceTree = "<group>"; };
		331ABEBD1EABDFB400011DB9 /* ViewController.swift */ = {isa = PBXFileReference; lastKnownFileType = sourcecode.swift; path = ViewController.swift; sourceTree = "<group>"; };
		331ABEC01EABDFB400011DB9 /* Base */ = {isa = PBXFileReference; lastKnownFileType = file.storyboard; name = Base; path = Base.lproj/Main.storyboard; sourceTree = "<group>"; };
		331ABEC21EABDFB400011DB9 /* Assets.xcassets */ = {isa = PBXFileReference; lastKnownFileType = folder.assetcatalog; path = Assets.xcassets; sourceTree = "<group>"; };
		331ABEC51EABDFB400011DB9 /* Base */ = {isa = PBXFileReference; lastKnownFileType = file.storyboard; name = Base; path = Base.lproj/LaunchScreen.storyboard; sourceTree = "<group>"; };
		331ABEC71EABDFB400011DB9 /* Info.plist */ = {isa = PBXFileReference; lastKnownFileType = text.plist.xml; path = Info.plist; sourceTree = "<group>"; };
/* End PBXFileReference section */

/* Begin PBXFrameworksBuildPhase section */
		331ABEB51EABDFB400011DB9 /* Frameworks */ = {
			isa = PBXFrameworksBuildPhase;
			buildActionMask = 2147483647;
			files = (
			);
			runOnlyForDeploymentPostprocessing = 0;
		};
/* End PBXFrameworksBuildPhase section */

/* Begin PBXGroup section */
		331ABEAF1EABDFB400011DB9 = {
			isa = PBXGroup;
			children = (
				331ABEBA1EABDFB400011DB9 /* LiveSpeechRecognition */,
				331ABEB91EABDFB400011DB9 /* Products */,
			);
			sourceTree = "<group>";
		};
		331ABEB91EABDFB400011DB9 /* Products */ = {
			isa = PBXGroup;
			children = (
				331ABEB81EABDFB400011DB9 /* LiveSpeechRecognition.app */,
			);
			name = Products;
			sourceTree = "<group>";
		};
		331ABEBA1EABDFB400011DB9 /* LiveSpeechRecognition */ = {
			isa = PBXGroup;
			children = (
				331ABEBB1EABDFB400011DB9 /* AppDelegate.swift */,
				331ABEBD1EABDFB400011DB9 /* ViewController.swift */,
				331ABEBF1EABDFB400011DB9 /* Main.storyboard */,
				331ABEC21EABDFB400011DB9 /* Assets.xcassets */,
				331ABEC41EABDFB400011DB9 /* LaunchScreen.storyboard */,
				331ABEC71EABDFB400011DB9 /* Info.plist */,
			);
			path = LiveSpeechRecognition;
			sourceTree = "<group>";
		};
/* End PBXGroup section */

/* Begin PBXNativeTarget section */
		331ABEB71EABDFB400011DB9 /* LiveSpeechRecognition */ = {
			isa = PBXNativeTarget;
			buildConfigurationList = 331ABECA1EABDFB400011DB9 /* Build configuration list for PBXNativeTarget "LiveSpeechRecognition" */;
			buildPhases = (
				331ABEB41EABDFB400011DB9 /* Sources */,
				331ABEB51EABDFB400011DB9 /* Frameworks */,
				331ABEB61EABDFB400011DB9 /* Resources */,
			);
			buildRules = (
			);
			dependencies = (
			);
			name = LiveSpeechRecognition;
			productName = LiveSpeechRecognition;
			productReference = 331ABEB81EABDFB400011DB9 /* LiveSpeechRecognition.app */;
			productType = "com.apple.product-type.application";
		};
/* End PBXNativeTarget section */

/* Begin PBXProject section */
		331ABEB01EABDFB400011DB9 /* Project object */ = {
			isa = PBXProject;
			attributes = {
				LastSwiftUpdateCheck = 0820;
				LastUpgradeCheck = 0820;
				ORGANIZATIONNAME = "Big Nerd Ranch";
				TargetAttributes = {
					331ABEB71EABDFB400011DB9 = {
						CreatedOnToolsVersion = 8.2.1;
						DevelopmentTeam = Y8ZEK6U73F;
						ProvisioningStyle = Automatic;
					};
				};
			};
			buildConfigurationList = 331ABEB31EABDFB400011DB9 /* Build configuration list for PBXProject "LiveSpeechRecognition" */;
			compatibilityVersion = "Xcode 3.2";
			developmentRegion = English;
			hasScannedForEncodings = 0;
			knownRegions = (
				en,
				Base,
			);
			mainGroup = 331ABEAF1EABDFB400011DB9;
			productRefGroup = 331ABEB91EABDFB400011DB9 /* Products */;
			projectDirPath = "";
			projectRoot = "";
			targets = (
				331ABEB71EABDFB400011DB9 /* LiveSpeechRecognition */,
			);
		};
/* End PBXProject section */

/* Begin PBXResourcesBuildPhase section */
		331ABEB61EABDFB400011DB9 /* Resources */ = {
			isa = PBXResourcesBuildPhase;
			buildActionMask = 2147483647;
			files = (
				331ABEC61EABDFB400011DB9 /* LaunchScreen.storyboard in Resources */,
				331ABEC31EABDFB400011DB9 /* Assets.xcassets in Resources */,
				331ABEC11EABDFB400011DB9 /* Main.storyboard in Resources */,
			);
			runOnlyForDeploymentPostprocessing = 0;
		};
/* End PBXResourcesBuildPhase section */

/* Begin PBXSourcesBuildPhase section */
		331ABEB41EABDFB400011DB9 /* Sources */ = {
			isa = PBXSourcesBuildPhase;
			buildActionMask = 2147483647;
			files = (
				331ABEBE1EABDFB400011DB9 /* ViewController.swift in Sources */,
				331ABEBC1EABDFB400011DB9 /* AppDelegate.swift in Sources */,
			);
			runOnlyForDeploymentPostprocessing = 0;
		};
/* End PBXSourcesBuildPhase section */

/* Begin PBXVariantGroup section */
		331ABEBF1EABDFB400011DB9 /* Main.storyboard */ = {
			isa = PBXVariantGroup;
			children = (
				331ABEC01EABDFB400011DB9 /* Base */,
			);
			name = Main.storyboard;
			sourceTree = "<group>";
		};
		331ABEC41EABDFB400011DB9 /* LaunchScreen.storyboard */ = {
			isa = PBXVariantGroup;
			children = (
				331ABEC51EABDFB400011DB9 /* Base */,
			);
			name = LaunchScreen.storyboard;
			sourceTree = "<group>";
		};
/* End PBXVariantGroup section */

/* Begin XCBuildConfiguration section */
		331ABEC81EABDFB400011DB9 /* Debug */ = {
			isa = XCBuildConfiguration;
			buildSettings = {
				ALWAYS_SEARCH_USER_PATHS = NO;
				CLANG_ANALYZER_NONNULL = YES;
				CLANG_CXX_LANGUAGE_STANDARD = "gnu++0x";
				CLANG_CXX_LIBRARY = "libc++";
				CLANG_ENABLE_MODULES = YES;
				CLANG_ENABLE_OBJC_ARC = YES;
				CLANG_WARN_BOOL_CONVERSION = YES;
				CLANG_WARN_CONSTANT_CONVERSION = YES;
				CLANG_WARN_DIRECT_OBJC_ISA_USAGE = YES_ERROR;
				CLANG_WARN_DOCUMENTATION_COMMENTS = YES;
				CLANG_WARN_EMPTY_BODY = YES;
				CLANG_WARN_ENUM_CONVERSION = YES;
				CLANG_WARN_INFINITE_RECURSION = YES;
				CLANG_WARN_INT_CONVERSION = YES;
				CLANG_WARN_OBJC_ROOT_CLASS = YES_ERROR;
				CLANG_WARN_SUSPICIOUS_MOVE = YES;
				CLANG_WARN_UNREACHABLE_CODE = YES;
				CLANG_WARN__DUPLICATE_METHOD_MATCH = YES;
				"CODE_SIGN_IDENTITY[sdk=iphoneos*]" = "iPhone Developer";
				COPY_PHASE_STRIP = NO;
				DEBUG_INFORMATION_FORMAT = dwarf;
				ENABLE_STRICT_OBJC_MSGSEND = YES;
				ENABLE_TESTABILITY = YES;
				GCC_C_LANGUAGE_STANDARD = gnu99;
				GCC_DYNAMIC_NO_PIC = NO;
				GCC_NO_COMMON_BLOCKS = YES;
				GCC_OPTIMIZATION_LEVEL = 0;
				GCC_PREPROCESSOR_DEFINITIONS = (
					"DEBUG=1",
					"$(inherited)",
				);
				GCC_WARN_64_TO_32_BIT_CONVERSION = YES;
				GCC_WARN_ABOUT_RETURN_TYPE = YES_ERROR;
				GCC_WARN_UNDECLARED_SELECTOR = YES;
				GCC_WARN_UNINITIALIZED_AUTOS = YES_AGGRESSIVE;
				GCC_WARN_UNUSED_FUNCTION = YES;
				GCC_WARN_UNUSED_VARIABLE = YES;
				IPHONEOS_DEPLOYMENT_TARGET = 10.2;
				MTL_ENABLE_DEBUG_INFO = YES;
				ONLY_ACTIVE_ARCH = YES;
				SDKROOT = iphoneos;
				SWIFT_ACTIVE_COMPILATION_CONDITIONS = DEBUG;
				SWIFT_OPTIMIZATION_LEVEL = "-Onone";
			};
			name = Debug;
		};
		331ABEC91EABDFB400011DB9 /* Release */ = {
			isa = XCBuildConfiguration;
			buildSettings = {
				ALWAYS_SEARCH_USER_PATHS = NO;
				CLANG_ANALYZER_NONNULL = YES;
				CLANG_CXX_LANGUAGE_STANDARD = "gnu++0x";
				CLANG_CXX_LIBRARY = "libc++";
				CLANG_ENABLE_MODULES = YES;
				CLANG_ENABLE_OBJC_ARC = YES;
				CLANG_WARN_BOOL_CONVERSION = YES;
				CLANG_WARN_CONSTANT_CONVERSION = YES;
				CLANG_WARN_DIRECT_OBJC_ISA_USAGE = YES_ERROR;
				CLANG_WARN_DOCUMENTATION_COMMENTS = YES;
				CLANG_WARN_EMPTY_BODY = YES;
				CLANG_WARN_ENUM_CONVERSION = YES;
				CLANG_WARN_INFINITE_RECURSION = YES;
				CLANG_WARN_INT_CONVERSION = YES;
				CLANG_WARN_OBJC_ROOT_CLASS = YES_ERROR;
				CLANG_WARN_SUSPICIOUS_MOVE = YES;
				CLANG_WARN_UNREACHABLE_CODE = YES;
				CLANG_WARN__DUPLICATE_METHOD_MATCH = YES;
				"CODE_SIGN_IDENTITY[sdk=iphoneos*]" = "iPhone Developer";
				COPY_PHASE_STRIP = NO;
				DEBUG_INFORMATION_FORMAT = "dwarf-with-dsym";
				ENABLE_NS_ASSERTIONS = NO;
				ENABLE_STRICT_OBJC_MSGSEND = YES;
				GCC_C_LANGUAGE_STANDARD = gnu99;
				GCC_NO_COMMON_BLOCKS = YES;
				GCC_WARN_64_TO_32_BIT_CONVERSION = YES;
				GCC_WARN_ABOUT_RETURN_TYPE = YES_ERROR;
				GCC_WARN_UNDECLARED_SELECTOR = YES;
				GCC_WARN_UNINITIALIZED_AUTOS = YES_AGGRESSIVE;
				GCC_WARN_UNUSED_FUNCTION = YES;
				GCC_WARN_UNUSED_VARIABLE = YES;
				IPHONEOS_DEPLOYMENT_TARGET = 10.2;
				MTL_ENABLE_DEBUG_INFO = NO;
				SDKROOT = iphoneos;
				SWIFT_OPTIMIZATION_LEVEL = "-Owholemodule";
				VALIDATE_PRODUCT = YES;
			};
			name = Release;
		};
		331ABECB1EABDFB400011DB9 /* Debug */ = {
			isa = XCBuildConfiguration;
			buildSettings = {
				ASSETCATALOG_COMPILER_APPICON_NAME = AppIcon;
				DEVELOPMENT_TEAM = Y8ZEK6U73F;
				INFOPLIST_FILE = LiveSpeechRecognition/Info.plist;
				LD_RUNPATH_SEARCH_PATHS = "$(inherited) @executable_path/Frameworks";
				PRODUCT_BUNDLE_IDENTIFIER = com.bignerdranch.LiveSpeechRecognition;
				PRODUCT_NAME = "$(TARGET_NAME)";
				SWIFT_VERSION = 3.0;
			};
			name = Debug;
		};
		331ABECC1EABDFB400011DB9 /* Release */ = {
			isa = XCBuildConfiguration;
			buildSettings = {
				ASSETCATALOG_COMPILER_APPICON_NAME = AppIcon;
				DEVELOPMENT_TEAM = Y8ZEK6U73F;
				INFOPLIST_FILE = LiveSpeechRecognition/Info.plist;
				LD_RUNPATH_SEARCH_PATHS = "$(inherited) @executable_path/Frameworks";
				PRODUCT_BUNDLE_IDENTIFIER = com.bignerdranch.LiveSpeechRecognition;
				PRODUCT_NAME = "$(TARGET_NAME)";
				SWIFT_VERSION = 3.0;
			};
			name = Release;
		};
/* End XCBuildConfiguration section */

/* Begin XCConfigurationList section */
		331ABEB31EABDFB400011DB9 /* Build configuration list for PBXProject "LiveSpeechRecognition" */ = {
			isa = XCConfigurationList;
			buildConfigurations = (
				331ABEC81EABDFB400011DB9 /* Debug */,
				331ABEC91EABDFB400011DB9 /* Release */,
			);
			defaultConfigurationIsVisible = 0;
			defaultConfigurationName = Release;
		};
		331ABECA1EABDFB400011DB9 /* Build configuration list for PBXNativeTarget "LiveSpeechRecognition" */ = {
			isa = XCConfigurationList;
			buildConfigurations = (
				331ABECB1EABDFB400011DB9 /* Debug */,
				331ABECC1EABDFB400011DB9 /* Release */,
			);
			defaultConfigurationIsVisible = 0;
		};
/* End XCConfigurationList section */
	};
	rootObject = 331ABEB01EABDFB400011DB9 /* Project object */;
}
