// !$*UTF8*$!
{
	archiveVersion = 1;
	classes = {
	};
	objectVersion = 46;
	objects = {

/* Begin PBXBuildFile section */
		198A66748013E8DD8291A725 /* Pods_AdMobDemo.framework in Frameworks */ = {isa = PBXBuildFile; fileRef = 76596060DD2CFF8290FA3684 /* Pods_AdMobDemo.framework */; };
		3327F68A1EA9995700033AE9 /* AppDelegate.swift in Sources */ = {isa = PBXBuildFile; fileRef = 3327F6891EA9995700033AE9 /* AppDelegate.swift */; };
		3327F68C1EA9995700033AE9 /* ViewController.swift in Sources */ = {isa = PBXBuildFile; fileRef = 3327F68B1EA9995700033AE9 /* ViewController.swift */; };
		3327F68F1EA9995700033AE9 /* Main.storyboard in Resources */ = {isa = PBXBuildFile; fileRef = 3327F68D1EA9995700033AE9 /* Main.storyboard */; };
		3327F6911EA9995700033AE9 /* Assets.xcassets in Resources */ = {isa = PBXBuildFile; fileRef = 3327F6901EA9995700033AE9 /* Assets.xcassets */; };
		3327F6941EA9995700033AE9 /* LaunchScreen.storyboard in Resources */ = {isa = PBXBuildFile; fileRef = 3327F6921EA9995700033AE9 /* LaunchScreen.storyboard */; };
		3327F69C1EA9A17400033AE9 /* GoogleService-Info.plist in Resources */ = {isa = PBXBuildFile; fileRef = 3327F69B1EA9A17400033AE9 /* GoogleService-Info.plist */; };
/* End PBXBuildFile section */

/* Begin PBXFileReference section */
		326CEF215E8443DAB54C9170 /* Pods-AdMobDemo.debug.xcconfig */ = {isa = PBXFileReference; includeInIndex = 1; lastKnownFileType = text.xcconfig; name = "Pods-AdMobDemo.debug.xcconfig"; path = "Pods/Target Support Files/Pods-AdMobDemo/Pods-AdMobDemo.debug.xcconfig"; sourceTree = "<group>"; };
		3327F6861EA9995700033AE9 /* AdMobDemo.app */ = {isa = PBXFileReference; explicitFileType = wrapper.application; includeInIndex = 0; path = AdMobDemo.app; sourceTree = BUILT_PRODUCTS_DIR; };
		3327F6891EA9995700033AE9 /* AppDelegate.swift */ = {isa = PBXFileReference; lastKnownFileType = sourcecode.swift; path = AppDelegate.swift; sourceTree = "<group>"; };
		3327F68B1EA9995700033AE9 /* ViewController.swift */ = {isa = PBXFileReference; lastKnownFileType = sourcecode.swift; path = ViewController.swift; sourceTree = "<group>"; };
		3327F68E1EA9995700033AE9 /* Base */ = {isa = PBXFileReference; lastKnownFileType = file.storyboard; name = Base; path = Base.lproj/Main.storyboard; sourceTree = "<group>"; };
		3327F6901EA9995700033AE9 /* Assets.xcassets */ = {isa = PBXFileReference; lastKnownFileType = folder.assetcatalog; path = Assets.xcassets; sourceTree = "<group>"; };
		3327F6931EA9995700033AE9 /* Base */ = {isa = PBXFileReference; lastKnownFileType = file.storyboard; name = Base; path = Base.lproj/LaunchScreen.storyboard; sourceTree = "<group>"; };
		3327F6951EA9995700033AE9 /* Info.plist */ = {isa = PBXFileReference; lastKnownFileType = text.plist.xml; path = Info.plist; sourceTree = "<group>"; };
		3327F69B1EA9A17400033AE9 /* GoogleService-Info.plist */ = {isa = PBXFileReference; fileEncoding = 4; lastKnownFileType = text.plist.xml; path = "GoogleService-Info.plist"; sourceTree = "<group>"; };
		76596060DD2CFF8290FA3684 /* Pods_AdMobDemo.framework */ = {isa = PBXFileReference; explicitFileType = wrapper.framework; includeInIndex = 0; path = Pods_AdMobDemo.framework; sourceTree = BUILT_PRODUCTS_DIR; };
		F1457929CC0B7985F03926EB /* Pods-AdMobDemo.release.xcconfig */ = {isa = PBXFileReference; includeInIndex = 1; lastKnownFileType = text.xcconfig; name = "Pods-AdMobDemo.release.xcconfig"; path = "Pods/Target Support Files/Pods-AdMobDemo/Pods-AdMobDemo.release.xcconfig"; sourceTree = "<group>"; };
/* End PBXFileReference section */

/* Begin PBXFrameworksBuildPhase section */
		3327F6831EA9995700033AE9 /* Frameworks */ = {
			isa = PBXFrameworksBuildPhase;
			buildActionMask = 2147483647;
			files = (
				198A66748013E8DD8291A725 /* Pods_AdMobDemo.framework in Frameworks */,
			);
			runOnlyForDeploymentPostprocessing = 0;
		};
/* End PBXFrameworksBuildPhase section */

/* Begin PBXGroup section */
		3327F67D1EA9995700033AE9 = {
			isa = PBXGroup;
			children = (
				3327F6881EA9995700033AE9 /* AdMobDemo */,
				3327F6871EA9995700033AE9 /* Products */,
				D5A4FD470A47441293AFB697 /* Pods */,
				A291E75105CD397A137C6D06 /* Frameworks */,
			);
			sourceTree = "<group>";
		};
		3327F6871EA9995700033AE9 /* Products */ = {
			isa = PBXGroup;
			children = (
				3327F6861EA9995700033AE9 /* AdMobDemo.app */,
			);
			name = Products;
			sourceTree = "<group>";
		};
		3327F6881EA9995700033AE9 /* AdMobDemo */ = {
			isa = PBXGroup;
			children = (
				3327F6891EA9995700033AE9 /* AppDelegate.swift */,
				3327F68B1EA9995700033AE9 /* ViewController.swift */,
				3327F68D1EA9995700033AE9 /* Main.storyboard */,
				3327F6901EA9995700033AE9 /* Assets.xcassets */,
				3327F6921EA9995700033AE9 /* LaunchScreen.storyboard */,
				3327F6951EA9995700033AE9 /* Info.plist */,
				3327F69B1EA9A17400033AE9 /* GoogleService-Info.plist */,
			);
			path = AdMobDemo;
			sourceTree = "<group>";
		};
		A291E75105CD397A137C6D06 /* Frameworks */ = {
			isa = PBXGroup;
			children = (
				76596060DD2CFF8290FA3684 /* Pods_AdMobDemo.framework */,
			);
			name = Frameworks;
			sourceTree = "<group>";
		};
		D5A4FD470A47441293AFB697 /* Pods */ = {
			isa = PBXGroup;
			children = (
				326CEF215E8443DAB54C9170 /* Pods-AdMobDemo.debug.xcconfig */,
				F1457929CC0B7985F03926EB /* Pods-AdMobDemo.release.xcconfig */,
			);
			name = Pods;
			sourceTree = "<group>";
		};
/* End PBXGroup section */

/* Begin PBXNativeTarget section */
		3327F6851EA9995700033AE9 /* AdMobDemo */ = {
			isa = PBXNativeTarget;
			buildConfigurationList = 3327F6981EA9995700033AE9 /* Build configuration list for PBXNativeTarget "AdMobDemo" */;
			buildPhases = (
				0BC2111011ED8C03001FC9DA /* [CP] Check Pods Manifest.lock */,
				3327F6821EA9995700033AE9 /* Sources */,
				3327F6831EA9995700033AE9 /* Frameworks */,
				3327F6841EA9995700033AE9 /* Resources */,
				F181C68173B1C3265A919218 /* [CP] Embed Pods Frameworks */,
				F85940F239F68C1E43B77BBA /* [CP] Copy Pods Resources */,
			);
			buildRules = (
			);
			dependencies = (
			);
			name = AdMobDemo;
			productName = AdMobDemo;
			productReference = 3327F6861EA9995700033AE9 /* AdMobDemo.app */;
			productType = "com.apple.product-type.application";
		};
/* End PBXNativeTarget section */

/* Begin PBXProject section */
		3327F67E1EA9995700033AE9 /* Project object */ = {
			isa = PBXProject;
			attributes = {
				LastSwiftUpdateCheck = 0820;
				LastUpgradeCheck = 0820;
				ORGANIZATIONNAME = "Big Nerd Ranch";
				TargetAttributes = {
					3327F6851EA9995700033AE9 = {
						CreatedOnToolsVersion = 8.2.1;
						DevelopmentTeam = Y8ZEK6U73F;
						ProvisioningStyle = Automatic;
					};
				};
			};
			buildConfigurationList = 3327F6811EA9995700033AE9 /* Build configuration list for PBXProject "AdMobDemo" */;
			compatibilityVersion = "Xcode 3.2";
			developmentRegion = English;
			hasScannedForEncodings = 0;
			knownRegions = (
				en,
				Base,
			);
			mainGroup = 3327F67D1EA9995700033AE9;
			productRefGroup = 3327F6871EA9995700033AE9 /* Products */;
			projectDirPath = "";
			projectRoot = "";
			targets = (
				3327F6851EA9995700033AE9 /* AdMobDemo */,
			);
		};
/* End PBXProject section */

/* Begin PBXResourcesBuildPhase section */
		3327F6841EA9995700033AE9 /* Resources */ = {
			isa = PBXResourcesBuildPhase;
			buildActionMask = 2147483647;
			files = (
				3327F6941EA9995700033AE9 /* LaunchScreen.storyboard in Resources */,
				3327F6911EA9995700033AE9 /* Assets.xcassets in Resources */,
				3327F68F1EA9995700033AE9 /* Main.storyboard in Resources */,
				3327F69C1EA9A17400033AE9 /* GoogleService-Info.plist in Resources */,
			);
			runOnlyForDeploymentPostprocessing = 0;
		};
/* End PBXResourcesBuildPhase section */

/* Begin PBXShellScriptBuildPhase section */
		0BC2111011ED8C03001FC9DA /* [CP] Check Pods Manifest.lock */ = {
			isa = PBXShellScriptBuildPhase;
			buildActionMask = 2147483647;
			files = (
			);
			inputPaths = (
			);
			name = "[CP] Check Pods Manifest.lock";
			outputPaths = (
			);
			runOnlyForDeploymentPostprocessing = 0;
			shellPath = /bin/sh;
			shellScript = "diff \"${PODS_PODFILE_DIR_PATH}/Podfile.lock\" \"${PODS_ROOT}/Manifest.lock\" > /dev/null\nif [ $? != 0 ] ; then\n    # print error to STDERR\n    echo \"error: The sandbox is not in sync with the Podfile.lock. Run 'pod install' or update your CocoaPods installation.\" >&2\n    exit 1\nfi\n";
			showEnvVarsInLog = 0;
		};
		F181C68173B1C3265A919218 /* [CP] Embed Pods Frameworks */ = {
			isa = PBXShellScriptBuildPhase;
			buildActionMask = 2147483647;
			files = (
			);
			inputPaths = (
			);
			name = "[CP] Embed Pods Frameworks";
			outputPaths = (
			);
			runOnlyForDeploymentPostprocessing = 0;
			shellPath = /bin/sh;
			shellScript = "\"${SRCROOT}/Pods/Target Support Files/Pods-AdMobDemo/Pods-AdMobDemo-frameworks.sh\"\n";
			showEnvVarsInLog = 0;
		};
		F85940F239F68C1E43B77BBA /* [CP] Copy Pods Resources */ = {
			isa = PBXShellScriptBuildPhase;
			buildActionMask = 2147483647;
			files = (
			);
			inputPaths = (
			);
			name = "[CP] Copy Pods Resources";
			outputPaths = (
			);
			runOnlyForDeploymentPostprocessing = 0;
			shellPath = /bin/sh;
			shellScript = "\"${SRCROOT}/Pods/Target Support Files/Pods-AdMobDemo/Pods-AdMobDemo-resources.sh\"\n";
			showEnvVarsInLog = 0;
		};
/* End PBXShellScriptBuildPhase section */

/* Begin PBXSourcesBuildPhase section */
		3327F6821EA9995700033AE9 /* Sources */ = {
			isa = PBXSourcesBuildPhase;
			buildActionMask = 2147483647;
			files = (
				3327F68C1EA9995700033AE9 /* ViewController.swift in Sources */,
				3327F68A1EA9995700033AE9 /* AppDelegate.swift in Sources */,
			);
			runOnlyForDeploymentPostprocessing = 0;
		};
/* End PBXSourcesBuildPhase section */

/* Begin PBXVariantGroup section */
		3327F68D1EA9995700033AE9 /* Main.storyboard */ = {
			isa = PBXVariantGroup;
			children = (
				3327F68E1EA9995700033AE9 /* Base */,
			);
			name = Main.storyboard;
			sourceTree = "<group>";
		};
		3327F6921EA9995700033AE9 /* LaunchScreen.storyboard */ = {
			isa = PBXVariantGroup;
			children = (
				3327F6931EA9995700033AE9 /* Base */,
			);
			name = LaunchScreen.storyboard;
			sourceTree = "<group>";
		};
/* End PBXVariantGroup section */

/* Begin XCBuildConfiguration section */
		3327F6961EA9995700033AE9 /* Debug */ = {
			isa = XCBuildConfiguration;
			buildSettings = {
				ALWAYS_SEARCH_USER_PATHS = NO;
				CLANG_ANALYZER_NONNULL = YES;
				CLANG_CXX_LANGUAGE_STANDARD = "gnu++0x";
				CLANG_CXX_LIBRARY = "libc++";
				CLANG_ENABLE_MODULES = YES;
				CLANG_ENABLE_OBJC_ARC = YES;
				CLANG_WARN_BOOL_CONVERSION = YES;
				CLANG_WARN_CONSTANT_CONVERSION = YES;
				CLANG_WARN_DIRECT_OBJC_ISA_USAGE = YES_ERROR;
				CLANG_WARN_DOCUMENTATION_COMMENTS = YES;
				CLANG_WARN_EMPTY_BODY = YES;
				CLANG_WARN_ENUM_CONVERSION = YES;
				CLANG_WARN_INFINITE_RECURSION = YES;
				CLANG_WARN_INT_CONVERSION = YES;
				CLANG_WARN_OBJC_ROOT_CLASS = YES_ERROR;
				CLANG_WARN_SUSPICIOUS_MOVE = YES;
				CLANG_WARN_UNREACHABLE_CODE = YES;
				CLANG_WARN__DUPLICATE_METHOD_MATCH = YES;
				"CODE_SIGN_IDENTITY[sdk=iphoneos*]" = "iPhone Developer";
				COPY_PHASE_STRIP = NO;
				DEBUG_INFORMATION_FORMAT = dwarf;
				ENABLE_STRICT_OBJC_MSGSEND = YES;
				ENABLE_TESTABILITY = YES;
				GCC_C_LANGUAGE_STANDARD = gnu99;
				GCC_DYNAMIC_NO_PIC = NO;
				GCC_NO_COMMON_BLOCKS = YES;
				GCC_OPTIMIZATION_LEVEL = 0;
				GCC_PREPROCESSOR_DEFINITIONS = (
					"DEBUG=1",
					"$(inherited)",
				);
				GCC_WARN_64_TO_32_BIT_CONVERSION = YES;
				GCC_WARN_ABOUT_RETURN_TYPE = YES_ERROR;
				GCC_WARN_UNDECLARED_SELECTOR = YES;
				GCC_WARN_UNINITIALIZED_AUTOS = YES_AGGRESSIVE;
				GCC_WARN_UNUSED_FUNCTION = YES;
				GCC_WARN_UNUSED_VARIABLE = YES;
				IPHONEOS_DEPLOYMENT_TARGET = 10.2;
				MTL_ENABLE_DEBUG_INFO = YES;
				ONLY_ACTIVE_ARCH = YES;
				SDKROOT = iphoneos;
				SWIFT_ACTIVE_COMPILATION_CONDITIONS = DEBUG;
				SWIFT_OPTIMIZATION_LEVEL = "-Onone";
			};
			name = Debug;
		};
		3327F6971EA9995700033AE9 /* Release */ = {
			isa = XCBuildConfiguration;
			buildSettings = {
				ALWAYS_SEARCH_USER_PATHS = NO;
				CLANG_ANALYZER_NONNULL = YES;
				CLANG_CXX_LANGUAGE_STANDARD = "gnu++0x";
				CLANG_CXX_LIBRARY = "libc++";
				CLANG_ENABLE_MODULES = YES;
				CLANG_ENABLE_OBJC_ARC = YES;
				CLANG_WARN_BOOL_CONVERSION = YES;
				CLANG_WARN_CONSTANT_CONVERSION = YES;
				CLANG_WARN_DIRECT_OBJC_ISA_USAGE = YES_ERROR;
				CLANG_WARN_DOCUMENTATION_COMMENTS = YES;
				CLANG_WARN_EMPTY_BODY = YES;
				CLANG_WARN_ENUM_CONVERSION = YES;
				CLANG_WARN_INFINITE_RECURSION = YES;
				CLANG_WARN_INT_CONVERSION = YES;
				CLANG_WARN_OBJC_ROOT_CLASS = YES_ERROR;
				CLANG_WARN_SUSPICIOUS_MOVE = YES;
				CLANG_WARN_UNREACHABLE_CODE = YES;
				CLANG_WARN__DUPLICATE_METHOD_MATCH = YES;
				"CODE_SIGN_IDENTITY[sdk=iphoneos*]" = "iPhone Developer";
				COPY_PHASE_STRIP = NO;
				DEBUG_INFORMATION_FORMAT = "dwarf-with-dsym";
				ENABLE_NS_ASSERTIONS = NO;
				ENABLE_STRICT_OBJC_MSGSEND = YES;
				GCC_C_LANGUAGE_STANDARD = gnu99;
				GCC_NO_COMMON_BLOCKS = YES;
				GCC_WARN_64_TO_32_BIT_CONVERSION = YES;
				GCC_WARN_ABOUT_RETURN_TYPE = YES_ERROR;
				GCC_WARN_UNDECLARED_SELECTOR = YES;
				GCC_WARN_UNINITIALIZED_AUTOS = YES_AGGRESSIVE;
				GCC_WARN_UNUSED_FUNCTION = YES;
				GCC_WARN_UNUSED_VARIABLE = YES;
				IPHONEOS_DEPLOYMENT_TARGET = 10.2;
				MTL_ENABLE_DEBUG_INFO = NO;
				SDKROOT = iphoneos;
				SWIFT_OPTIMIZATION_LEVEL = "-Owholemodule";
				VALIDATE_PRODUCT = YES;
			};
			name = Release;
		};
		3327F6991EA9995700033AE9 /* Debug */ = {
			isa = XCBuildConfiguration;
			baseConfigurationReference = 326CEF215E8443DAB54C9170 /* Pods-AdMobDemo.debug.xcconfig */;
			buildSettings = {
				ASSETCATALOG_COMPILER_APPICON_NAME = AppIcon;
				DEVELOPMENT_TEAM = Y8ZEK6U73F;
				INFOPLIST_FILE = AdMobDemo/Info.plist;
				LD_RUNPATH_SEARCH_PATHS = "$(inherited) @executable_path/Frameworks";
				PRODUCT_BUNDLE_IDENTIFIER = com.bignerdranch.AdMobDemo;
				PRODUCT_NAME = "$(TARGET_NAME)";
				SWIFT_VERSION = 3.0;
			};
			name = Debug;
		};
		3327F69A1EA9995700033AE9 /* Release */ = {
			isa = XCBuildConfiguration;
			baseConfigurationReference = F1457929CC0B7985F03926EB /* Pods-AdMobDemo.release.xcconfig */;
			buildSettings = {
				ASSETCATALOG_COMPILER_APPICON_NAME = AppIcon;
				DEVELOPMENT_TEAM = Y8ZEK6U73F;
				INFOPLIST_FILE = AdMobDemo/Info.plist;
				LD_RUNPATH_SEARCH_PATHS = "$(inherited) @executable_path/Frameworks";
				PRODUCT_BUNDLE_IDENTIFIER = com.bignerdranch.AdMobDemo;
				PRODUCT_NAME = "$(TARGET_NAME)";
				SWIFT_VERSION = 3.0;
			};
			name = Release;
		};
/* End XCBuildConfiguration section */

/* Begin XCConfigurationList section */
		3327F6811EA9995700033AE9 /* Build configuration list for PBXProject "AdMobDemo" */ = {
			isa = XCConfigurationList;
			buildConfigurations = (
				3327F6961EA9995700033AE9 /* Debug */,
				3327F6971EA9995700033AE9 /* Release */,
			);
			defaultConfigurationIsVisible = 0;
			defaultConfigurationName = Release;
		};
		3327F6981EA9995700033AE9 /* Build configuration list for PBXNativeTarget "AdMobDemo" */ = {
			isa = XCConfigurationList;
			buildConfigurations = (
				3327F6991EA9995700033AE9 /* Debug */,
				3327F69A1EA9995700033AE9 /* Release */,
			);
			defaultConfigurationIsVisible = 0;
			defaultConfigurationName = Release;
		};
/* End XCConfigurationList section */
	};
	rootObject = 3327F67E1EA9995700033AE9 /* Project object */;
}
